{
  "name": "npm_workspaces_demo",
  "version": "1.0.0",
  "lockfileVersion": 2,
  "requires": true,
  "packages": {
    "": {
      "name": "npm_workspaces_demo",
      "version": "1.0.0",
      "license": "ISC",
      "workspaces": [
        "packages/*"
      ],
      "devDependencies": {
        "typescript": "^4.5.4"
      }
    },
    "node_modules/project-a": {
      "resolved": "packages/project-a",
      "link": true
    },
    "node_modules/project-b": {
      "resolved": "packages/project-b",
      "link": true
    },
    "node_modules/typescript": {
      "version": "4.5.4",
      "resolved": "https://registry.npmjs.org/typescript/-/typescript-4.5.4.tgz",
      "integrity": "sha512-VgYs2A2QIRuGphtzFV7aQJduJ2gyfTljngLzjpfW9FoYZF6xuw1W0vW9ghCKLfcWrCFxK81CSGRAvS1pn4fIUg==",
      "dev": true,
      "bin": {
        "tsc": "bin/tsc",
        "tsserver": "bin/tsserver"
      },
      "engines": {
        "node": ">=4.2.0"
      }
    },
    "packages/project-a": {
      "version": "1.0.0"
    },
    "packages/project-b": {
      "version": "1.0.0"
    }
  },
  "dependencies": {
    "project-a": {
      "version": "file:packages/project-a"
    },
    "project-b": {
      "version": "file:packages/project-b"
    },
    "typescript": {
      "version": "4.5.4",
      "resolved": "https://registry.npmjs.org/typescript/-/typescript-4.5.4.tgz",
      "integrity": "sha512-VgYs2A2QIRuGphtzFV7aQJduJ2gyfTljngLzjpfW9FoYZF6xuw1W0vW9ghCKLfcWrCFxK81CSGRAvS1pn4fIUg==",
      "dev": true
    }
  }
}
